
Microsoft Visual Studio Solution File, Format Version 12.00
# Visual Studio Version 17
VisualStudioVersion = 17.3.32901.215
MinimumVisualStudioVersion = 10.0.40219.1
Project("{FAE04EC0-301F-11D3-BF4B-00C04F79EFBC}") = "Gorilla", "Gorilla\Gorilla.csproj", "{1C52A58A-D642-4B8D-953E-8AC1F537E281}"
EndProject
Global
	GlobalSection(SolutionConfigurationPlatforms) = preSolution
		Debug|Any CPU = Debug|Any CPU
		Release|Any CPU = Release|Any CPU
	EndGlobalSection
	GlobalSection(ProjectConfigurationPlatforms) = postSolution
		{1C52A58A-D642-4B8D-953E-8AC1F537E281}.Debug|Any CPU.ActiveCfg = Debug|Any CPU
		{1C52A58A-D642-4B8D-953E-8AC1F537E281}.Debug|Any CPU.Build.0 = Debug|Any CPU
		{1C52A58A-D642-4B8D-953E-8AC1F537E281}.Release|Any CPU.ActiveCfg = Release|Any CPU
		{1C52A58A-D642-4B8D-953E-8AC1F537E281}.Release|Any CPU.Build.0 = Release|Any CPU
	EndGlobalSection
	GlobalSection(SolutionProperties) = preSolution
		HideSolutionNode = FALSE
	EndGlobalSection
	GlobalSection(ExtensibilityGlobals) = postSolution
		SolutionGuid = {C1452637-B665-403C-8D2D-8EABA6F3BB37}
	EndGlobalSection
EndGlobal
